
Microsoft Visual Studio Solution File, Format Version 12.00
# Visual Studio 15
VisualStudioVersion = 15.0.28010.2050
MinimumVisualStudioVersion = 10.0.40219.1
Project("{FAE04EC0-301F-11D3-BF4B-00C04F79EFBC}") = "sc-esb", "sc-esb\sc-esb.csproj", "{C636EA84-37F1-4459-99CB-75A2F043371F}"
EndProject
Global
	GlobalSection(SolutionConfigurationPlatforms) = preSolution
		Debug|Any CPU = Debug|Any CPU
		Release|Any CPU = Release|Any CPU
	EndGlobalSection
	GlobalSection(ProjectConfigurationPlatforms) = postSolution
		{C636EA84-37F1-4459-99CB-75A2F043371F}.Debug|Any CPU.ActiveCfg = Debug|Any CPU
		{C636EA84-37F1-4459-99CB-75A2F043371F}.Debug|Any CPU.Build.0 = Debug|Any CPU
		{C636EA84-37F1-4459-99CB-75A2F043371F}.Release|Any CPU.ActiveCfg = Release|Any CPU
		{C636EA84-37F1-4459-99CB-75A2F043371F}.Release|Any CPU.Build.0 = Release|Any CPU
	EndGlobalSection
	GlobalSection(SolutionProperties) = preSolution
		HideSolutionNode = FALSE
	EndGlobalSection
	GlobalSection(ExtensibilityGlobals) = postSolution
		SolutionGuid = {14A3610D-E99C-453C-BDF5-D852ECFD0C34}
	EndGlobalSection
EndGlobal
